
Microsoft Visual Studio Solution File, Format Version 12.00
# Visual Studio 15
VisualStudioVersion = 15.0.27428.2043
MinimumVisualStudioVersion = 10.0.40219.1
Project("{888888A0-9F3D-457C-B088-3A5042F75D52}") = "IllustratedGuideToPython3", "IllustratedGuideToPython3.pyproj", "{EDDAEC90-06A0-4C1D-AE19-C1F1AD9EDF71}"
EndProject
Global
	GlobalSection(SolutionConfigurationPlatforms) = preSolution
		Debug|Any CPU = Debug|Any CPU
		Release|Any CPU = Release|Any CPU
	EndGlobalSection
	GlobalSection(ProjectConfigurationPlatforms) = postSolution
		{EDDAEC90-06A0-4C1D-AE19-C1F1AD9EDF71}.Debug|Any CPU.ActiveCfg = Debug|Any CPU
		{EDDAEC90-06A0-4C1D-AE19-C1F1AD9EDF71}.Release|Any CPU.ActiveCfg = Release|Any CPU
	EndGlobalSection
	GlobalSection(SolutionProperties) = preSolution
		HideSolutionNode = FALSE
	EndGlobalSection
	GlobalSection(ExtensibilityGlobals) = postSolution
		SolutionGuid = {49967BE0-BA89-4C4B-B3A5-F4602AD8A60B}
	EndGlobalSection
EndGlobal
